
Microsoft Visual Studio Solution File, Format Version 12.00
# Visual Studio Version 17
VisualStudioVersion = 17.0.32014.148
MinimumVisualStudioVersion = 10.0.40219.1
Project("{9A19103F-16F7-4668-BE54-9A1E7A4F7556}") = "MonsterTradingCards.Server", "MonsterTradingCardsServer\MonsterTradingCards.Server.csproj", "{A2D4521A-FEEF-4CE7-AC58-1AF7C8E3444F}"
EndProject
Project("{9A19103F-16F7-4668-BE54-9A1E7A4F7556}") = "MonsterTradingCards.Server.Core", "MonsterTradingCardsServer.Core\MonsterTradingCards.Server.Core.csproj", "{5EAB8F05-664D-49A4-9B8B-17BA140633E3}"
EndProject
Global
	GlobalSection(SolutionConfigurationPlatforms) = preSolution
		Debug|Any CPU = Debug|Any CPU
		Release|Any CPU = Release|Any CPU
	EndGlobalSection
	GlobalSection(ProjectConfigurationPlatforms) = postSolution
		{A2D4521A-FEEF-4CE7-AC58-1AF7C8E3444F}.Debug|Any CPU.ActiveCfg = Debug|Any CPU
		{A2D4521A-FEEF-4CE7-AC58-1AF7C8E3444F}.Debug|Any CPU.Build.0 = Debug|Any CPU
		{A2D4521A-FEEF-4CE7-AC58-1AF7C8E3444F}.Release|Any CPU.ActiveCfg = Release|Any CPU
		{A2D4521A-FEEF-4CE7-AC58-1AF7C8E3444F}.Release|Any CPU.Build.0 = Release|Any CPU
		{5EAB8F05-664D-49A4-9B8B-17BA140633E3}.Debug|Any CPU.ActiveCfg = Debug|Any CPU
		{5EAB8F05-664D-49A4-9B8B-17BA140633E3}.Debug|Any CPU.Build.0 = Debug|Any CPU
		{5EAB8F05-664D-49A4-9B8B-17BA140633E3}.Release|Any CPU.ActiveCfg = Release|Any CPU
		{5EAB8F05-664D-49A4-9B8B-17BA140633E3}.Release|Any CPU.Build.0 = Release|Any CPU
	EndGlobalSection
	GlobalSection(SolutionProperties) = preSolution
		HideSolutionNode = FALSE
	EndGlobalSection
	GlobalSection(ExtensibilityGlobals) = postSolution
		SolutionGuid = {CEE5B0FB-6E08-4E6D-ADB5-0128DBC2A18C}
	EndGlobalSection
EndGlobal
